
Microsoft Visual Studio Solution File, Format Version 12.00
# Visual Studio Version 16
VisualStudioVersion = 16.0.29926.136
MinimumVisualStudioVersion = 10.0.40219.1
Project("{2150E333-8FDC-42A3-9474-1A3956D46DE8}") = "Services", "Services", "{8D48039D-83D8-4F3A-915F-DA1EA0051BE0}"
EndProject
Project("{2150E333-8FDC-42A3-9474-1A3956D46DE8}") = "Catalog", "Catalog", "{44943E03-AECF-4950-AB6F-2E1A612EDC1B}"
EndProject
Project("{9A19103F-16F7-4668-BE54-9A1E7A4F7556}") = "Catalog.Api", "services\catalog\Catalog.Api\Catalog.Api.csproj", "{AC74663F-92EA-4A6E-90F8-F9A64D055994}"
EndProject
Project("{E53339B2-1760-4266-BCC7-CA923CBCF16C}") = "docker-compose", "docker-compose.dcproj", "{CE3C4A43-797B-49D0-8DBD-438153F29AAA}"
EndProject
Project("{2150E333-8FDC-42A3-9474-1A3956D46DE8}") = "Basket", "Basket", "{19ACB9E0-CC5F-454F-8697-5B59C458EA1D}"
EndProject
Project("{9A19103F-16F7-4668-BE54-9A1E7A4F7556}") = "Basket.API", "Services\Basket\Basket.API\Basket.API.csproj", "{64DE9981-7354-413E-84D7-787B3EE6633C}"
EndProject
Project("{2150E333-8FDC-42A3-9474-1A3956D46DE8}") = "src", "src", "{C6DA4B2A-2401-427A-99B6-798234851629}"
EndProject
Project("{2150E333-8FDC-42A3-9474-1A3956D46DE8}") = "Discount", "Discount", "{14D8A24C-2325-4532-8719-DFB46AA23C0D}"
EndProject
Project("{9A19103F-16F7-4668-BE54-9A1E7A4F7556}") = "Discount.Api", "services\Discount\Discount.api\Discount.Api.csproj", "{ACB7191C-B378-48F4-A8B4-5FB4B50C3DFA}"
EndProject
Project("{9A19103F-16F7-4668-BE54-9A1E7A4F7556}") = "Discount.grpc", "services\Discount\Discount.grpc\Discount.grpc.csproj", "{A3D695F6-D92D-4589-832A-E1C6A5AA7367}"
EndProject
Project("{2150E333-8FDC-42A3-9474-1A3956D46DE8}") = "Ordering", "Ordering", "{477AC32A-CD9B-4740-9C9F-6D4E2FE71323}"
EndProject
Project("{9A19103F-16F7-4668-BE54-9A1E7A4F7556}") = "Ordering.API", "services\Ordering\Ordering.API\Ordering.API.csproj", "{62D63D4E-5029-46F8-88A8-2D9D1FB7B049}"
EndProject
Project("{9A19103F-16F7-4668-BE54-9A1E7A4F7556}") = "Ordering.Domain", "services\Ordering\Ordering.Domain\Ordering.Domain.csproj", "{33F8613B-034C-49AF-8CF3-6A6DD9984274}"
EndProject
Project("{9A19103F-16F7-4668-BE54-9A1E7A4F7556}") = "Ordering.Application", "services\Ordering\Ordering.Application\Ordering.Application.csproj", "{4ED11A7A-578A-4162-82F5-FBC110724600}"
EndProject
Project("{9A19103F-16F7-4668-BE54-9A1E7A4F7556}") = "Ordering.Infrastructure", "services\Ordering\Ordering.Infrastructure\Ordering.Infrastructure.csproj", "{BF433A02-A0A3-4F07-9A5E-D2AC1808FEC1}"
EndProject
Project("{2150E333-8FDC-42A3-9474-1A3956D46DE8}") = "Common", "Common", "{8D4C1CD2-CC79-4F1A-965F-B63171F9ACB9}"
EndProject
Project("{FAE04EC0-301F-11D3-BF4B-00C04F79EFBC}") = "EventBus.Messages", "common\EventBus.Messages\EventBus.Messages.csproj", "{70144878-3374-44CD-8324-5BFBD3E7CD6D}"
EndProject
Global
	GlobalSection(SolutionConfigurationPlatforms) = preSolution
		Debug|Any CPU = Debug|Any CPU
		Release|Any CPU = Release|Any CPU
	EndGlobalSection
	GlobalSection(ProjectConfigurationPlatforms) = postSolution
		{AC74663F-92EA-4A6E-90F8-F9A64D055994}.Debug|Any CPU.ActiveCfg = Debug|Any CPU
		{AC74663F-92EA-4A6E-90F8-F9A64D055994}.Debug|Any CPU.Build.0 = Debug|Any CPU
		{AC74663F-92EA-4A6E-90F8-F9A64D055994}.Release|Any CPU.ActiveCfg = Release|Any CPU
		{AC74663F-92EA-4A6E-90F8-F9A64D055994}.Release|Any CPU.Build.0 = Release|Any CPU
		{CE3C4A43-797B-49D0-8DBD-438153F29AAA}.Debug|Any CPU.ActiveCfg = Debug|Any CPU
		{CE3C4A43-797B-49D0-8DBD-438153F29AAA}.Debug|Any CPU.Build.0 = Debug|Any CPU
		{CE3C4A43-797B-49D0-8DBD-438153F29AAA}.Release|Any CPU.ActiveCfg = Release|Any CPU
		{CE3C4A43-797B-49D0-8DBD-438153F29AAA}.Release|Any CPU.Build.0 = Release|Any CPU
		{64DE9981-7354-413E-84D7-787B3EE6633C}.Debug|Any CPU.ActiveCfg = Debug|Any CPU
		{64DE9981-7354-413E-84D7-787B3EE6633C}.Debug|Any CPU.Build.0 = Debug|Any CPU
		{64DE9981-7354-413E-84D7-787B3EE6633C}.Release|Any CPU.ActiveCfg = Release|Any CPU
		{64DE9981-7354-413E-84D7-787B3EE6633C}.Release|Any CPU.Build.0 = Release|Any CPU
		{ACB7191C-B378-48F4-A8B4-5FB4B50C3DFA}.Debug|Any CPU.ActiveCfg = Debug|Any CPU
		{ACB7191C-B378-48F4-A8B4-5FB4B50C3DFA}.Debug|Any CPU.Build.0 = Debug|Any CPU
		{ACB7191C-B378-48F4-A8B4-5FB4B50C3DFA}.Release|Any CPU.ActiveCfg = Release|Any CPU
		{ACB7191C-B378-48F4-A8B4-5FB4B50C3DFA}.Release|Any CPU.Build.0 = Release|Any CPU
		{A3D695F6-D92D-4589-832A-E1C6A5AA7367}.Debug|Any CPU.ActiveCfg = Debug|Any CPU
		{A3D695F6-D92D-4589-832A-E1C6A5AA7367}.Debug|Any CPU.Build.0 = Debug|Any CPU
		{A3D695F6-D92D-4589-832A-E1C6A5AA7367}.Release|Any CPU.ActiveCfg = Release|Any CPU
		{A3D695F6-D92D-4589-832A-E1C6A5AA7367}.Release|Any CPU.Build.0 = Release|Any CPU
		{62D63D4E-5029-46F8-88A8-2D9D1FB7B049}.Debug|Any CPU.ActiveCfg = Debug|Any CPU
		{62D63D4E-5029-46F8-88A8-2D9D1FB7B049}.Debug|Any CPU.Build.0 = Debug|Any CPU
		{62D63D4E-5029-46F8-88A8-2D9D1FB7B049}.Release|Any CPU.ActiveCfg = Release|Any CPU
		{62D63D4E-5029-46F8-88A8-2D9D1FB7B049}.Release|Any CPU.Build.0 = Release|Any CPU
		{33F8613B-034C-49AF-8CF3-6A6DD9984274}.Debug|Any CPU.ActiveCfg = Debug|Any CPU
		{33F8613B-034C-49AF-8CF3-6A6DD9984274}.Debug|Any CPU.Build.0 = Debug|Any CPU
		{33F8613B-034C-49AF-8CF3-6A6DD9984274}.Release|Any CPU.ActiveCfg = Release|Any CPU
		{33F8613B-034C-49AF-8CF3-6A6DD9984274}.Release|Any CPU.Build.0 = Release|Any CPU
		{4ED11A7A-578A-4162-82F5-FBC110724600}.Debug|Any CPU.ActiveCfg = Debug|Any CPU
		{4ED11A7A-578A-4162-82F5-FBC110724600}.Debug|Any CPU.Build.0 = Debug|Any CPU
		{4ED11A7A-578A-4162-82F5-FBC110724600}.Release|Any CPU.ActiveCfg = Release|Any CPU
		{4ED11A7A-578A-4162-82F5-FBC110724600}.Release|Any CPU.Build.0 = Release|Any CPU
		{BF433A02-A0A3-4F07-9A5E-D2AC1808FEC1}.Debug|Any CPU.ActiveCfg = Debug|Any CPU
		{BF433A02-A0A3-4F07-9A5E-D2AC1808FEC1}.Debug|Any CPU.Build.0 = Debug|Any CPU
		{BF433A02-A0A3-4F07-9A5E-D2AC1808FEC1}.Release|Any CPU.ActiveCfg = Release|Any CPU
		{BF433A02-A0A3-4F07-9A5E-D2AC1808FEC1}.Release|Any CPU.Build.0 = Release|Any CPU
		{70144878-3374-44CD-8324-5BFBD3E7CD6D}.Debug|Any CPU.ActiveCfg = Debug|Any CPU
		{70144878-3374-44CD-8324-5BFBD3E7CD6D}.Debug|Any CPU.Build.0 = Debug|Any CPU
		{70144878-3374-44CD-8324-5BFBD3E7CD6D}.Release|Any CPU.ActiveCfg = Release|Any CPU
		{70144878-3374-44CD-8324-5BFBD3E7CD6D}.Release|Any CPU.Build.0 = Release|Any CPU
	EndGlobalSection
	GlobalSection(SolutionProperties) = preSolution
		HideSolutionNode = FALSE
	EndGlobalSection
	GlobalSection(NestedProjects) = preSolution
		{8D48039D-83D8-4F3A-915F-DA1EA0051BE0} = {C6DA4B2A-2401-427A-99B6-798234851629}
		{44943E03-AECF-4950-AB6F-2E1A612EDC1B} = {8D48039D-83D8-4F3A-915F-DA1EA0051BE0}
		{AC74663F-92EA-4A6E-90F8-F9A64D055994} = {44943E03-AECF-4950-AB6F-2E1A612EDC1B}
		{CE3C4A43-797B-49D0-8DBD-438153F29AAA} = {C6DA4B2A-2401-427A-99B6-798234851629}
		{19ACB9E0-CC5F-454F-8697-5B59C458EA1D} = {8D48039D-83D8-4F3A-915F-DA1EA0051BE0}
		{64DE9981-7354-413E-84D7-787B3EE6633C} = {19ACB9E0-CC5F-454F-8697-5B59C458EA1D}
		{14D8A24C-2325-4532-8719-DFB46AA23C0D} = {8D48039D-83D8-4F3A-915F-DA1EA0051BE0}
		{ACB7191C-B378-48F4-A8B4-5FB4B50C3DFA} = {14D8A24C-2325-4532-8719-DFB46AA23C0D}
		{A3D695F6-D92D-4589-832A-E1C6A5AA7367} = {14D8A24C-2325-4532-8719-DFB46AA23C0D}
		{477AC32A-CD9B-4740-9C9F-6D4E2FE71323} = {8D48039D-83D8-4F3A-915F-DA1EA0051BE0}
		{62D63D4E-5029-46F8-88A8-2D9D1FB7B049} = {477AC32A-CD9B-4740-9C9F-6D4E2FE71323}
		{33F8613B-034C-49AF-8CF3-6A6DD9984274} = {477AC32A-CD9B-4740-9C9F-6D4E2FE71323}
		{4ED11A7A-578A-4162-82F5-FBC110724600} = {477AC32A-CD9B-4740-9C9F-6D4E2FE71323}
		{BF433A02-A0A3-4F07-9A5E-D2AC1808FEC1} = {477AC32A-CD9B-4740-9C9F-6D4E2FE71323}
		{8D4C1CD2-CC79-4F1A-965F-B63171F9ACB9} = {C6DA4B2A-2401-427A-99B6-798234851629}
		{70144878-3374-44CD-8324-5BFBD3E7CD6D} = {8D4C1CD2-CC79-4F1A-965F-B63171F9ACB9}
	EndGlobalSection
	GlobalSection(ExtensibilityGlobals) = postSolution
		SolutionGuid = {291CDE60-A6A4-4E45-94BA-6CB6EF1C8722}
	EndGlobalSection
EndGlobal
